// !$*UTF8*$!
{
	archiveVersion = 1;
	classes = {
	};
	objectVersion = 46;
	objects = {

/* Begin PBXBuildFile section */
		B0DCF00C1894F4FE00FED115 /* Cocoa.framework in Frameworks */ = {isa = PBXBuildFile; fileRef = B0DCF00B1894F4FE00FED115 /* Cocoa.framework */; };
		B0DCF0161894F4FE00FED115 /* V_gerMenu.m in Sources */ = {isa = PBXBuildFile; fileRef = B0DCF0151894F4FE00FED115 /* V_gerMenu.m */; };
		B0DCF01F1894F90F00FED115 /* StatusMenu.h in Headers */ = {isa = PBXBuildFile; fileRef = B0DCF01D1894F90F00FED115 /* StatusMenu.h */; };
		B0DCF0201894F90F00FED115 /* StatusMenu.m in Sources */ = {isa = PBXBuildFile; fileRef = B0DCF01E1894F90F00FED115 /* StatusMenu.m */; };
/* End PBXBuildFile section */

/* Begin PBXFileReference section */
		B0DCF0081894F4FE00FED115 /* libV'gerMenu.a */ = {isa = PBXFileReference; explicitFileType = archive.ar; includeInIndex = 0; path = "libV'gerMenu.a"; sourceTree = BUILT_PRODUCTS_DIR; };
		B0DCF00B1894F4FE00FED115 /* Cocoa.framework */ = {isa = PBXFileReference; lastKnownFileType = wrapper.framework; name = Cocoa.framework; path = System/Library/Frameworks/Cocoa.framework; sourceTree = SDKROOT; };
		B0DCF00E1894F4FE00FED115 /* AppKit.framework */ = {isa = PBXFileReference; lastKnownFileType = wrapper.framework; name = AppKit.framework; path = System/Library/Frameworks/AppKit.framework; sourceTree = SDKROOT; };
		B0DCF00F1894F4FE00FED115 /* CoreData.framework */ = {isa = PBXFileReference; lastKnownFileType = wrapper.framework; name = CoreData.framework; path = System/Library/Frameworks/CoreData.framework; sourceTree = SDKROOT; };
		B0DCF0101894F4FE00FED115 /* Foundation.framework */ = {isa = PBXFileReference; lastKnownFileType = wrapper.framework; name = Foundation.framework; path = System/Library/Frameworks/Foundation.framework; sourceTree = SDKROOT; };
		B0DCF0131894F4FE00FED115 /* V'gerMenu-Prefix.pch */ = {isa = PBXFileReference; lastKnownFileType = sourcecode.c.h; path = "V'gerMenu-Prefix.pch"; sourceTree = "<group>"; };
		B0DCF0141894F4FE00FED115 /* V_gerMenu.h */ = {isa = PBXFileReference; lastKnownFileType = sourcecode.c.h; path = V_gerMenu.h; sourceTree = "<group>"; };
		B0DCF0151894F4FE00FED115 /* V_gerMenu.m */ = {isa = PBXFileReference; lastKnownFileType = sourcecode.c.objc; path = V_gerMenu.m; sourceTree = "<group>"; };
		B0DCF01C1894F54200FED115 /* status.xib */ = {isa = PBXFileReference; fileEncoding = 4; lastKnownFileType = file.xib; path = status.xib; sourceTree = "<group>"; };
		B0DCF01D1894F90F00FED115 /* StatusMenu.h */ = {isa = PBXFileReference; fileEncoding = 4; lastKnownFileType = sourcecode.c.h; path = StatusMenu.h; sourceTree = "<group>"; };
		B0DCF01E1894F90F00FED115 /* StatusMenu.m */ = {isa = PBXFileReference; fileEncoding = 4; lastKnownFileType = sourcecode.c.objc; path = StatusMenu.m; sourceTree = "<group>"; };
/* End PBXFileReference section */

/* Begin PBXFrameworksBuildPhase section */
		B0DCF0051894F4FE00FED115 /* Frameworks */ = {
			isa = PBXFrameworksBuildPhase;
			buildActionMask = 2147483647;
			files = (
				B0DCF00C1894F4FE00FED115 /* Cocoa.framework in Frameworks */,
			);
			runOnlyForDeploymentPostprocessing = 0;
		};
/* End PBXFrameworksBuildPhase section */

/* Begin PBXGroup section */
		B0DCEFFD1894F4FE00FED115 = {
			isa = PBXGroup;
			children = (
				B0DCF0111894F4FE00FED115 /* V'gerMenu */,
				B0DCF00A1894F4FE00FED115 /* Frameworks */,
				B0DCF0091894F4FE00FED115 /* Products */,
			);
			sourceTree = "<group>";
		};
		B0DCF0091894F4FE00FED115 /* Products */ = {
			isa = PBXGroup;
			children = (
				B0DCF0081894F4FE00FED115 /* libV'gerMenu.a */,
			);
			name = Products;
			sourceTree = "<group>";
		};
		B0DCF00A1894F4FE00FED115 /* Frameworks */ = {
			isa = PBXGroup;
			children = (
				B0DCF00B1894F4FE00FED115 /* Cocoa.framework */,
				B0DCF00D1894F4FE00FED115 /* Other Frameworks */,
			);
			name = Frameworks;
			sourceTree = "<group>";
		};
		B0DCF00D1894F4FE00FED115 /* Other Frameworks */ = {
			isa = PBXGroup;
			children = (
				B0DCF00E1894F4FE00FED115 /* AppKit.framework */,
				B0DCF00F1894F4FE00FED115 /* CoreData.framework */,
				B0DCF0101894F4FE00FED115 /* Foundation.framework */,
			);
			name = "Other Frameworks";
			sourceTree = "<group>";
		};
		B0DCF0111894F4FE00FED115 /* V'gerMenu */ = {
			isa = PBXGroup;
			children = (
				B0DCF0141894F4FE00FED115 /* V_gerMenu.h */,
				B0DCF0151894F4FE00FED115 /* V_gerMenu.m */,
				B0DCF0121894F4FE00FED115 /* Supporting Files */,
				B0DCF01C1894F54200FED115 /* status.xib */,
				B0DCF01D1894F90F00FED115 /* StatusMenu.h */,
				B0DCF01E1894F90F00FED115 /* StatusMenu.m */,
			);
			path = "V'gerMenu";
			sourceTree = "<group>";
		};
		B0DCF0121894F4FE00FED115 /* Supporting Files */ = {
			isa = PBXGroup;
			children = (
				B0DCF0131894F4FE00FED115 /* V'gerMenu-Prefix.pch */,
			);
			name = "Supporting Files";
			sourceTree = "<group>";
		};
/* End PBXGroup section */

/* Begin PBXHeadersBuildPhase section */
		B0DCF0061894F4FE00FED115 /* Headers */ = {
			isa = PBXHeadersBuildPhase;
			buildActionMask = 2147483647;
			files = (
				B0DCF01F1894F90F00FED115 /* StatusMenu.h in Headers */,
			);
			runOnlyForDeploymentPostprocessing = 0;
		};
/* End PBXHeadersBuildPhase section */

/* Begin PBXNativeTarget section */
		B0DCF0071894F4FE00FED115 /* V'gerMenu */ = {
			isa = PBXNativeTarget;
			buildConfigurationList = B0DCF0191894F4FE00FED115 /* Build configuration list for PBXNativeTarget "V'gerMenu" */;
			buildPhases = (
				B0DCF0041894F4FE00FED115 /* Sources */,
				B0DCF0051894F4FE00FED115 /* Frameworks */,
				B0DCF0061894F4FE00FED115 /* Headers */,
			);
			buildRules = (
			);
			dependencies = (
			);
			name = "V'gerMenu";
			productName = "V'gerMenu";
			productReference = B0DCF0081894F4FE00FED115 /* libV'gerMenu.a */;
			productType = "com.apple.product-type.library.static";
		};
/* End PBXNativeTarget section */

/* Begin PBXProject section */
		B0DCEFFF1894F4FE00FED115 /* Project object */ = {
			isa = PBXProject;
			attributes = {
				LastUpgradeCheck = 0450;
				ORGANIZATIONNAME = me;
			};
			buildConfigurationList = B0DCF0021894F4FE00FED115 /* Build configuration list for PBXProject "V'gerMenu" */;
			compatibilityVersion = "Xcode 3.2";
			developmentRegion = English;
			hasScannedForEncodings = 0;
			knownRegions = (
				en,
			);
			mainGroup = B0DCEFFD1894F4FE00FED115;
			productRefGroup = B0DCF0091894F4FE00FED115 /* Products */;
			projectDirPath = "";
			projectRoot = "";
			targets = (
				B0DCF0071894F4FE00FED115 /* V'gerMenu */,
			);
		};
/* End PBXProject section */

/* Begin PBXSourcesBuildPhase section */
		B0DCF0041894F4FE00FED115 /* Sources */ = {
			isa = PBXSourcesBuildPhase;
			buildActionMask = 2147483647;
			files = (
				B0DCF0161894F4FE00FED115 /* V_gerMenu.m in Sources */,
				B0DCF0201894F90F00FED115 /* StatusMenu.m in Sources */,
			);
			runOnlyForDeploymentPostprocessing = 0;
		};
/* End PBXSourcesBuildPhase section */

/* Begin XCBuildConfiguration section */
		B0DCF0171894F4FE00FED115 /* Debug */ = {
			isa = XCBuildConfiguration;
			buildSettings = {
				ALWAYS_SEARCH_USER_PATHS = NO;
				ARCHS = "$(ARCHS_STANDARD_64_BIT)";
				CLANG_CXX_LANGUAGE_STANDARD = "gnu++0x";
				CLANG_CXX_LIBRARY = "libc++";
				CLANG_WARN_EMPTY_BODY = YES;
				CLANG_WARN__DUPLICATE_METHOD_MATCH = YES;
				COPY_PHASE_STRIP = NO;
				GCC_C_LANGUAGE_STANDARD = gnu99;
				GCC_DYNAMIC_NO_PIC = NO;
				GCC_ENABLE_OBJC_EXCEPTIONS = YES;
				GCC_OPTIMIZATION_LEVEL = 0;
				GCC_PREPROCESSOR_DEFINITIONS = (
					"DEBUG=1",
					"$(inherited)",
				);
				GCC_SYMBOLS_PRIVATE_EXTERN = NO;
				GCC_WARN_64_TO_32_BIT_CONVERSION = YES;
				GCC_WARN_ABOUT_RETURN_TYPE = YES;
				GCC_WARN_UNINITIALIZED_AUTOS = YES;
				GCC_WARN_UNUSED_VARIABLE = YES;
				MACOSX_DEPLOYMENT_TARGET = 10.8;
				ONLY_ACTIVE_ARCH = YES;
				SDKROOT = macosx;
			};
			name = Debug;
		};
		B0DCF0181894F4FE00FED115 /* Release */ = {
			isa = XCBuildConfiguration;
			buildSettings = {
				ALWAYS_SEARCH_USER_PATHS = NO;
				ARCHS = "$(ARCHS_STANDARD_64_BIT)";
				CLANG_CXX_LANGUAGE_STANDARD = "gnu++0x";
				CLANG_CXX_LIBRARY = "libc++";
				CLANG_WARN_EMPTY_BODY = YES;
				CLANG_WARN__DUPLICATE_METHOD_MATCH = YES;
				COPY_PHASE_STRIP = YES;
				DEBUG_INFORMATION_FORMAT = "dwarf-with-dsym";
				GCC_C_LANGUAGE_STANDARD = gnu99;
				GCC_ENABLE_OBJC_EXCEPTIONS = YES;
				GCC_WARN_64_TO_32_BIT_CONVERSION = YES;
				GCC_WARN_ABOUT_RETURN_TYPE = YES;
				GCC_WARN_UNINITIALIZED_AUTOS = YES;
				GCC_WARN_UNUSED_VARIABLE = YES;
				MACOSX_DEPLOYMENT_TARGET = 10.8;
				SDKROOT = macosx;
			};
			name = Release;
		};
		B0DCF01A1894F4FE00FED115 /* Debug */ = {
			isa = XCBuildConfiguration;
			buildSettings = {
				GCC_PRECOMPILE_PREFIX_HEADER = YES;
				GCC_PREFIX_HEADER = "V'gerMenu/V'gerMenu-Prefix.pch";
				PRODUCT_NAME = "$(TARGET_NAME)";
			};
			name = Debug;
		};
		B0DCF01B1894F4FE00FED115 /* Release */ = {
			isa = XCBuildConfiguration;
			buildSettings = {
				GCC_PRECOMPILE_PREFIX_HEADER = YES;
				GCC_PREFIX_HEADER = "V'gerMenu/V'gerMenu-Prefix.pch";
				PRODUCT_NAME = "$(TARGET_NAME)";
			};
			name = Release;
		};
/* End XCBuildConfiguration section */

/* Begin XCConfigurationList section */
		B0DCF0021894F4FE00FED115 /* Build configuration list for PBXProject "V'gerMenu" */ = {
			isa = XCConfigurationList;
			buildConfigurations = (
				B0DCF0171894F4FE00FED115 /* Debug */,
				B0DCF0181894F4FE00FED115 /* Release */,
			);
			defaultConfigurationIsVisible = 0;
			defaultConfigurationName = Release;
		};
		B0DCF0191894F4FE00FED115 /* Build configuration list for PBXNativeTarget "V'gerMenu" */ = {
			isa = XCConfigurationList;
			buildConfigurations = (
				B0DCF01A1894F4FE00FED115 /* Debug */,
				B0DCF01B1894F4FE00FED115 /* Release */,
			);
			defaultConfigurationIsVisible = 0;
		};
/* End XCConfigurationList section */
	};
	rootObject = B0DCEFFF1894F4FE00FED115 /* Project object */;
}
