// !$*UTF8*$!
{
	archiveVersion = 1;
	classes = {
	};
	objectVersion = 46;
	objects = {

/* Begin PBXBuildFile section */
		B0743C6B16EAEE5500FF9AB3 /* Cocoa.framework in Frameworks */ = {isa = PBXBuildFile; fileRef = B0743C6A16EAEE5500FF9AB3 /* Cocoa.framework */; };
		B0743C7516EAEE5500FF9AB3 /* InfoPlist.strings in Resources */ = {isa = PBXBuildFile; fileRef = B0743C7316EAEE5500FF9AB3 /* InfoPlist.strings */; };
		B0743C7716EAEE5500FF9AB3 /* main.m in Sources */ = {isa = PBXBuildFile; fileRef = B0743C7616EAEE5500FF9AB3 /* main.m */; };
		B0743C7B16EAEE5500FF9AB3 /* Credits.rtf in Resources */ = {isa = PBXBuildFile; fileRef = B0743C7916EAEE5500FF9AB3 /* Credits.rtf */; };
		B0743C7E16EAEE5500FF9AB3 /* VAppDelegate.m in Sources */ = {isa = PBXBuildFile; fileRef = B0743C7D16EAEE5500FF9AB3 /* VAppDelegate.m */; };
		B0743C8116EAEE5500FF9AB3 /* MainMenu.xib in Resources */ = {isa = PBXBuildFile; fileRef = B0743C7F16EAEE5500FF9AB3 /* MainMenu.xib */; };
		B0743C8816EAF03C00FF9AB3 /* WebKit.framework in Frameworks */ = {isa = PBXBuildFile; fileRef = B0743C8716EAF03C00FF9AB3 /* WebKit.framework */; };
		B0743C8A16EAF4CD00FF9AB3 /* Itzikgur-My-Seven-Downloads-2.icns in Resources */ = {isa = PBXBuildFile; fileRef = B0743C8916EAF4CD00FF9AB3 /* Itzikgur-My-Seven-Downloads-2.icns */; };
/* End PBXBuildFile section */

/* Begin PBXFileReference section */
		B0743C6616EAEE5500FF9AB3 /* VgerClient.app */ = {isa = PBXFileReference; explicitFileType = wrapper.application; includeInIndex = 0; path = VgerClient.app; sourceTree = BUILT_PRODUCTS_DIR; };
		B0743C6A16EAEE5500FF9AB3 /* Cocoa.framework */ = {isa = PBXFileReference; lastKnownFileType = wrapper.framework; name = Cocoa.framework; path = System/Library/Frameworks/Cocoa.framework; sourceTree = SDKROOT; };
		B0743C6D16EAEE5500FF9AB3 /* AppKit.framework */ = {isa = PBXFileReference; lastKnownFileType = wrapper.framework; name = AppKit.framework; path = System/Library/Frameworks/AppKit.framework; sourceTree = SDKROOT; };
		B0743C6E16EAEE5500FF9AB3 /* CoreData.framework */ = {isa = PBXFileReference; lastKnownFileType = wrapper.framework; name = CoreData.framework; path = System/Library/Frameworks/CoreData.framework; sourceTree = SDKROOT; };
		B0743C6F16EAEE5500FF9AB3 /* Foundation.framework */ = {isa = PBXFileReference; lastKnownFileType = wrapper.framework; name = Foundation.framework; path = System/Library/Frameworks/Foundation.framework; sourceTree = SDKROOT; };
		B0743C7216EAEE5500FF9AB3 /* VgerClient-Info.plist */ = {isa = PBXFileReference; lastKnownFileType = text.plist.xml; path = "VgerClient-Info.plist"; sourceTree = "<group>"; };
		B0743C7416EAEE5500FF9AB3 /* en */ = {isa = PBXFileReference; lastKnownFileType = text.plist.strings; name = en; path = en.lproj/InfoPlist.strings; sourceTree = "<group>"; };
		B0743C7616EAEE5500FF9AB3 /* main.m */ = {isa = PBXFileReference; lastKnownFileType = sourcecode.c.objc; path = main.m; sourceTree = "<group>"; };
		B0743C7816EAEE5500FF9AB3 /* VgerClient-Prefix.pch */ = {isa = PBXFileReference; lastKnownFileType = sourcecode.c.h; path = "VgerClient-Prefix.pch"; sourceTree = "<group>"; };
		B0743C7A16EAEE5500FF9AB3 /* en */ = {isa = PBXFileReference; lastKnownFileType = text.rtf; name = en; path = en.lproj/Credits.rtf; sourceTree = "<group>"; };
		B0743C7C16EAEE5500FF9AB3 /* VAppDelegate.h */ = {isa = PBXFileReference; lastKnownFileType = sourcecode.c.h; path = VAppDelegate.h; sourceTree = "<group>"; };
		B0743C7D16EAEE5500FF9AB3 /* VAppDelegate.m */ = {isa = PBXFileReference; lastKnownFileType = sourcecode.c.objc; path = VAppDelegate.m; sourceTree = "<group>"; };
		B0743C8016EAEE5500FF9AB3 /* en */ = {isa = PBXFileReference; lastKnownFileType = file.xib; name = en; path = en.lproj/MainMenu.xib; sourceTree = "<group>"; };
		B0743C8716EAF03C00FF9AB3 /* WebKit.framework */ = {isa = PBXFileReference; lastKnownFileType = wrapper.framework; name = WebKit.framework; path = System/Library/Frameworks/WebKit.framework; sourceTree = SDKROOT; };
		B0743C8916EAF4CD00FF9AB3 /* Itzikgur-My-Seven-Downloads-2.icns */ = {isa = PBXFileReference; lastKnownFileType = image.icns; path = "Itzikgur-My-Seven-Downloads-2.icns"; sourceTree = "<group>"; };
/* End PBXFileReference section */

/* Begin PBXFrameworksBuildPhase section */
		B0743C6316EAEE5500FF9AB3 /* Frameworks */ = {
			isa = PBXFrameworksBuildPhase;
			buildActionMask = 2147483647;
			files = (
				B0743C8816EAF03C00FF9AB3 /* WebKit.framework in Frameworks */,
				B0743C6B16EAEE5500FF9AB3 /* Cocoa.framework in Frameworks */,
			);
			runOnlyForDeploymentPostprocessing = 0;
		};
/* End PBXFrameworksBuildPhase section */

/* Begin PBXGroup section */
		B0743C5B16EAEE5500FF9AB3 = {
			isa = PBXGroup;
			children = (
				B0743C8916EAF4CD00FF9AB3 /* Itzikgur-My-Seven-Downloads-2.icns */,
				B0743C8716EAF03C00FF9AB3 /* WebKit.framework */,
				B0743C7016EAEE5500FF9AB3 /* VgerClient */,
				B0743C6916EAEE5500FF9AB3 /* Frameworks */,
				B0743C6716EAEE5500FF9AB3 /* Products */,
			);
			sourceTree = "<group>";
		};
		B0743C6716EAEE5500FF9AB3 /* Products */ = {
			isa = PBXGroup;
			children = (
				B0743C6616EAEE5500FF9AB3 /* VgerClient.app */,
			);
			name = Products;
			sourceTree = "<group>";
		};
		B0743C6916EAEE5500FF9AB3 /* Frameworks */ = {
			isa = PBXGroup;
			children = (
				B0743C6A16EAEE5500FF9AB3 /* Cocoa.framework */,
				B0743C6C16EAEE5500FF9AB3 /* Other Frameworks */,
			);
			name = Frameworks;
			sourceTree = "<group>";
		};
		B0743C6C16EAEE5500FF9AB3 /* Other Frameworks */ = {
			isa = PBXGroup;
			children = (
				B0743C6D16EAEE5500FF9AB3 /* AppKit.framework */,
				B0743C6E16EAEE5500FF9AB3 /* CoreData.framework */,
				B0743C6F16EAEE5500FF9AB3 /* Foundation.framework */,
			);
			name = "Other Frameworks";
			sourceTree = "<group>";
		};
		B0743C7016EAEE5500FF9AB3 /* VgerClient */ = {
			isa = PBXGroup;
			children = (
				B0743C7C16EAEE5500FF9AB3 /* VAppDelegate.h */,
				B0743C7D16EAEE5500FF9AB3 /* VAppDelegate.m */,
				B0743C7F16EAEE5500FF9AB3 /* MainMenu.xib */,
				B0743C7116EAEE5500FF9AB3 /* Supporting Files */,
			);
			path = VgerClient;
			sourceTree = "<group>";
		};
		B0743C7116EAEE5500FF9AB3 /* Supporting Files */ = {
			isa = PBXGroup;
			children = (
				B0743C7216EAEE5500FF9AB3 /* VgerClient-Info.plist */,
				B0743C7316EAEE5500FF9AB3 /* InfoPlist.strings */,
				B0743C7616EAEE5500FF9AB3 /* main.m */,
				B0743C7816EAEE5500FF9AB3 /* VgerClient-Prefix.pch */,
				B0743C7916EAEE5500FF9AB3 /* Credits.rtf */,
			);
			name = "Supporting Files";
			sourceTree = "<group>";
		};
/* End PBXGroup section */

/* Begin PBXNativeTarget section */
		B0743C6516EAEE5500FF9AB3 /* VgerClient */ = {
			isa = PBXNativeTarget;
			buildConfigurationList = B0743C8416EAEE5500FF9AB3 /* Build configuration list for PBXNativeTarget "VgerClient" */;
			buildPhases = (
				B0743C6216EAEE5500FF9AB3 /* Sources */,
				B0743C6316EAEE5500FF9AB3 /* Frameworks */,
				B0743C6416EAEE5500FF9AB3 /* Resources */,
			);
			buildRules = (
			);
			dependencies = (
			);
			name = VgerClient;
			productName = VgerClient;
			productReference = B0743C6616EAEE5500FF9AB3 /* VgerClient.app */;
			productType = "com.apple.product-type.application";
		};
/* End PBXNativeTarget section */

/* Begin PBXProject section */
		B0743C5D16EAEE5500FF9AB3 /* Project object */ = {
			isa = PBXProject;
			attributes = {
				CLASSPREFIX = V;
				LastUpgradeCheck = 0450;
				ORGANIZATIONNAME = me;
			};
			buildConfigurationList = B0743C6016EAEE5500FF9AB3 /* Build configuration list for PBXProject "VgerClient" */;
			compatibilityVersion = "Xcode 3.2";
			developmentRegion = English;
			hasScannedForEncodings = 0;
			knownRegions = (
				en,
			);
			mainGroup = B0743C5B16EAEE5500FF9AB3;
			productRefGroup = B0743C6716EAEE5500FF9AB3 /* Products */;
			projectDirPath = "";
			projectRoot = "";
			targets = (
				B0743C6516EAEE5500FF9AB3 /* VgerClient */,
			);
		};
/* End PBXProject section */

/* Begin PBXResourcesBuildPhase section */
		B0743C6416EAEE5500FF9AB3 /* Resources */ = {
			isa = PBXResourcesBuildPhase;
			buildActionMask = 2147483647;
			files = (
				B0743C7516EAEE5500FF9AB3 /* InfoPlist.strings in Resources */,
				B0743C7B16EAEE5500FF9AB3 /* Credits.rtf in Resources */,
				B0743C8116EAEE5500FF9AB3 /* MainMenu.xib in Resources */,
				B0743C8A16EAF4CD00FF9AB3 /* Itzikgur-My-Seven-Downloads-2.icns in Resources */,
			);
			runOnlyForDeploymentPostprocessing = 0;
		};
/* End PBXResourcesBuildPhase section */

/* Begin PBXSourcesBuildPhase section */
		B0743C6216EAEE5500FF9AB3 /* Sources */ = {
			isa = PBXSourcesBuildPhase;
			buildActionMask = 2147483647;
			files = (
				B0743C7716EAEE5500FF9AB3 /* main.m in Sources */,
				B0743C7E16EAEE5500FF9AB3 /* VAppDelegate.m in Sources */,
			);
			runOnlyForDeploymentPostprocessing = 0;
		};
/* End PBXSourcesBuildPhase section */

/* Begin PBXVariantGroup section */
		B0743C7316EAEE5500FF9AB3 /* InfoPlist.strings */ = {
			isa = PBXVariantGroup;
			children = (
				B0743C7416EAEE5500FF9AB3 /* en */,
			);
			name = InfoPlist.strings;
			sourceTree = "<group>";
		};
		B0743C7916EAEE5500FF9AB3 /* Credits.rtf */ = {
			isa = PBXVariantGroup;
			children = (
				B0743C7A16EAEE5500FF9AB3 /* en */,
			);
			name = Credits.rtf;
			sourceTree = "<group>";
		};
		B0743C7F16EAEE5500FF9AB3 /* MainMenu.xib */ = {
			isa = PBXVariantGroup;
			children = (
				B0743C8016EAEE5500FF9AB3 /* en */,
			);
			name = MainMenu.xib;
			sourceTree = "<group>";
		};
/* End PBXVariantGroup section */

/* Begin XCBuildConfiguration section */
		B0743C8216EAEE5500FF9AB3 /* Debug */ = {
			isa = XCBuildConfiguration;
			buildSettings = {
				ALWAYS_SEARCH_USER_PATHS = NO;
				ARCHS = "$(ARCHS_STANDARD_64_BIT)";
				CLANG_CXX_LANGUAGE_STANDARD = "gnu++0x";
				CLANG_CXX_LIBRARY = "libc++";
				CLANG_WARN_EMPTY_BODY = YES;
				CLANG_WARN__DUPLICATE_METHOD_MATCH = YES;
				COPY_PHASE_STRIP = NO;
				GCC_C_LANGUAGE_STANDARD = gnu99;
				GCC_DYNAMIC_NO_PIC = NO;
				GCC_ENABLE_OBJC_EXCEPTIONS = YES;
				GCC_OPTIMIZATION_LEVEL = 0;
				GCC_PREPROCESSOR_DEFINITIONS = (
					"DEBUG=1",
					"$(inherited)",
				);
				GCC_SYMBOLS_PRIVATE_EXTERN = NO;
				GCC_WARN_64_TO_32_BIT_CONVERSION = YES;
				GCC_WARN_ABOUT_RETURN_TYPE = YES;
				GCC_WARN_UNINITIALIZED_AUTOS = YES;
				GCC_WARN_UNUSED_VARIABLE = YES;
				MACOSX_DEPLOYMENT_TARGET = 10.8;
				ONLY_ACTIVE_ARCH = YES;
				SDKROOT = macosx;
			};
			name = Debug;
		};
		B0743C8316EAEE5500FF9AB3 /* Release */ = {
			isa = XCBuildConfiguration;
			buildSettings = {
				ALWAYS_SEARCH_USER_PATHS = NO;
				ARCHS = "$(ARCHS_STANDARD_64_BIT)";
				CLANG_CXX_LANGUAGE_STANDARD = "gnu++0x";
				CLANG_CXX_LIBRARY = "libc++";
				CLANG_WARN_EMPTY_BODY = YES;
				CLANG_WARN__DUPLICATE_METHOD_MATCH = YES;
				COPY_PHASE_STRIP = YES;
				DEBUG_INFORMATION_FORMAT = "dwarf-with-dsym";
				GCC_C_LANGUAGE_STANDARD = gnu99;
				GCC_ENABLE_OBJC_EXCEPTIONS = YES;
				GCC_WARN_64_TO_32_BIT_CONVERSION = YES;
				GCC_WARN_ABOUT_RETURN_TYPE = YES;
				GCC_WARN_UNINITIALIZED_AUTOS = YES;
				GCC_WARN_UNUSED_VARIABLE = YES;
				MACOSX_DEPLOYMENT_TARGET = 10.8;
				SDKROOT = macosx;
			};
			name = Release;
		};
		B0743C8516EAEE5500FF9AB3 /* Debug */ = {
			isa = XCBuildConfiguration;
			buildSettings = {
				COMBINE_HIDPI_IMAGES = YES;
				GCC_PRECOMPILE_PREFIX_HEADER = YES;
				GCC_PREFIX_HEADER = "VgerClient/VgerClient-Prefix.pch";
				INFOPLIST_FILE = "VgerClient/VgerClient-Info.plist";
				PRODUCT_NAME = "$(TARGET_NAME)";
				WRAPPER_EXTENSION = app;
			};
			name = Debug;
		};
		B0743C8616EAEE5500FF9AB3 /* Release */ = {
			isa = XCBuildConfiguration;
			buildSettings = {
				COMBINE_HIDPI_IMAGES = YES;
				GCC_PRECOMPILE_PREFIX_HEADER = YES;
				GCC_PREFIX_HEADER = "VgerClient/VgerClient-Prefix.pch";
				INFOPLIST_FILE = "VgerClient/VgerClient-Info.plist";
				PRODUCT_NAME = "$(TARGET_NAME)";
				WRAPPER_EXTENSION = app;
			};
			name = Release;
		};
/* End XCBuildConfiguration section */

/* Begin XCConfigurationList section */
		B0743C6016EAEE5500FF9AB3 /* Build configuration list for PBXProject "VgerClient" */ = {
			isa = XCConfigurationList;
			buildConfigurations = (
				B0743C8216EAEE5500FF9AB3 /* Debug */,
				B0743C8316EAEE5500FF9AB3 /* Release */,
			);
			defaultConfigurationIsVisible = 0;
			defaultConfigurationName = Release;
		};
		B0743C8416EAEE5500FF9AB3 /* Build configuration list for PBXNativeTarget "VgerClient" */ = {
			isa = XCConfigurationList;
			buildConfigurations = (
				B0743C8516EAEE5500FF9AB3 /* Debug */,
				B0743C8616EAEE5500FF9AB3 /* Release */,
			);
			defaultConfigurationIsVisible = 0;
			defaultConfigurationName = Release;
		};
/* End XCConfigurationList section */
	};
	rootObject = B0743C5D16EAEE5500FF9AB3 /* Project object */;
}
