// !$*UTF8*$!
{
	archiveVersion = 1;
	classes = {
	};
	objectVersion = 46;
	objects = {

/* Begin PBXBuildFile section */
		B075469316E3B794004B2EE7 /* Cocoa.framework in Frameworks */ = {isa = PBXBuildFile; fileRef = B075469216E3B794004B2EE7 /* Cocoa.framework */; };
		B075469D16E3B794004B2EE7 /* InfoPlist.strings in Resources */ = {isa = PBXBuildFile; fileRef = B075469B16E3B794004B2EE7 /* InfoPlist.strings */; };
		B075469F16E3B794004B2EE7 /* main.m in Sources */ = {isa = PBXBuildFile; fileRef = B075469E16E3B794004B2EE7 /* main.m */; };
		B07546A316E3B794004B2EE7 /* Credits.rtf in Resources */ = {isa = PBXBuildFile; fileRef = B07546A116E3B794004B2EE7 /* Credits.rtf */; };
		B07546A616E3B794004B2EE7 /* VAppDelegate.m in Sources */ = {isa = PBXBuildFile; fileRef = B07546A516E3B794004B2EE7 /* VAppDelegate.m */; };
		B07546A916E3B794004B2EE7 /* MainMenu.xib in Resources */ = {isa = PBXBuildFile; fileRef = B07546A716E3B794004B2EE7 /* MainMenu.xib */; };
		B07546B016E3BBBF004B2EE7 /* WebKit.framework in Frameworks */ = {isa = PBXBuildFile; fileRef = B07546AF16E3BBBF004B2EE7 /* WebKit.framework */; };
/* End PBXBuildFile section */

/* Begin PBXFileReference section */
		B075468E16E3B794004B2EE7 /* V'ger.app */ = {isa = PBXFileReference; explicitFileType = wrapper.application; includeInIndex = 0; path = "V'ger.app"; sourceTree = BUILT_PRODUCTS_DIR; };
		B075469216E3B794004B2EE7 /* Cocoa.framework */ = {isa = PBXFileReference; lastKnownFileType = wrapper.framework; name = Cocoa.framework; path = System/Library/Frameworks/Cocoa.framework; sourceTree = SDKROOT; };
		B075469516E3B794004B2EE7 /* AppKit.framework */ = {isa = PBXFileReference; lastKnownFileType = wrapper.framework; name = AppKit.framework; path = System/Library/Frameworks/AppKit.framework; sourceTree = SDKROOT; };
		B075469616E3B794004B2EE7 /* CoreData.framework */ = {isa = PBXFileReference; lastKnownFileType = wrapper.framework; name = CoreData.framework; path = System/Library/Frameworks/CoreData.framework; sourceTree = SDKROOT; };
		B075469716E3B794004B2EE7 /* Foundation.framework */ = {isa = PBXFileReference; lastKnownFileType = wrapper.framework; name = Foundation.framework; path = System/Library/Frameworks/Foundation.framework; sourceTree = SDKROOT; };
		B075469A16E3B794004B2EE7 /* V'ger-Info.plist */ = {isa = PBXFileReference; lastKnownFileType = text.plist.xml; path = "V'ger-Info.plist"; sourceTree = "<group>"; };
		B075469C16E3B794004B2EE7 /* en */ = {isa = PBXFileReference; lastKnownFileType = text.plist.strings; name = en; path = en.lproj/InfoPlist.strings; sourceTree = "<group>"; };
		B075469E16E3B794004B2EE7 /* main.m */ = {isa = PBXFileReference; lastKnownFileType = sourcecode.c.objc; path = main.m; sourceTree = "<group>"; };
		B07546A016E3B794004B2EE7 /* V'ger-Prefix.pch */ = {isa = PBXFileReference; lastKnownFileType = sourcecode.c.h; path = "V'ger-Prefix.pch"; sourceTree = "<group>"; };
		B07546A216E3B794004B2EE7 /* en */ = {isa = PBXFileReference; lastKnownFileType = text.rtf; name = en; path = en.lproj/Credits.rtf; sourceTree = "<group>"; };
		B07546A416E3B794004B2EE7 /* VAppDelegate.h */ = {isa = PBXFileReference; lastKnownFileType = sourcecode.c.h; path = VAppDelegate.h; sourceTree = "<group>"; };
		B07546A516E3B794004B2EE7 /* VAppDelegate.m */ = {isa = PBXFileReference; lastKnownFileType = sourcecode.c.objc; path = VAppDelegate.m; sourceTree = "<group>"; };
		B07546A816E3B794004B2EE7 /* en */ = {isa = PBXFileReference; lastKnownFileType = file.xib; name = en; path = en.lproj/MainMenu.xib; sourceTree = "<group>"; };
		B07546AF16E3BBBF004B2EE7 /* WebKit.framework */ = {isa = PBXFileReference; lastKnownFileType = wrapper.framework; name = WebKit.framework; path = System/Library/Frameworks/WebKit.framework; sourceTree = SDKROOT; };
/* End PBXFileReference section */

/* Begin PBXFrameworksBuildPhase section */
		B075468B16E3B794004B2EE7 /* Frameworks */ = {
			isa = PBXFrameworksBuildPhase;
			buildActionMask = 2147483647;
			files = (
				B07546B016E3BBBF004B2EE7 /* WebKit.framework in Frameworks */,
				B075469316E3B794004B2EE7 /* Cocoa.framework in Frameworks */,
			);
			runOnlyForDeploymentPostprocessing = 0;
		};
/* End PBXFrameworksBuildPhase section */

/* Begin PBXGroup section */
		B075468316E3B794004B2EE7 = {
			isa = PBXGroup;
			children = (
				B07546AF16E3BBBF004B2EE7 /* WebKit.framework */,
				B075469816E3B794004B2EE7 /* V'ger */,
				B075469116E3B794004B2EE7 /* Frameworks */,
				B075468F16E3B794004B2EE7 /* Products */,
			);
			sourceTree = "<group>";
		};
		B075468F16E3B794004B2EE7 /* Products */ = {
			isa = PBXGroup;
			children = (
				B075468E16E3B794004B2EE7 /* V'ger.app */,
			);
			name = Products;
			sourceTree = "<group>";
		};
		B075469116E3B794004B2EE7 /* Frameworks */ = {
			isa = PBXGroup;
			children = (
				B075469216E3B794004B2EE7 /* Cocoa.framework */,
				B075469416E3B794004B2EE7 /* Other Frameworks */,
			);
			name = Frameworks;
			sourceTree = "<group>";
		};
		B075469416E3B794004B2EE7 /* Other Frameworks */ = {
			isa = PBXGroup;
			children = (
				B075469516E3B794004B2EE7 /* AppKit.framework */,
				B075469616E3B794004B2EE7 /* CoreData.framework */,
				B075469716E3B794004B2EE7 /* Foundation.framework */,
			);
			name = "Other Frameworks";
			sourceTree = "<group>";
		};
		B075469816E3B794004B2EE7 /* V'ger */ = {
			isa = PBXGroup;
			children = (
				B07546A416E3B794004B2EE7 /* VAppDelegate.h */,
				B07546A516E3B794004B2EE7 /* VAppDelegate.m */,
				B07546A716E3B794004B2EE7 /* MainMenu.xib */,
				B075469916E3B794004B2EE7 /* Supporting Files */,
			);
			path = "V'ger";
			sourceTree = "<group>";
		};
		B075469916E3B794004B2EE7 /* Supporting Files */ = {
			isa = PBXGroup;
			children = (
				B075469A16E3B794004B2EE7 /* V'ger-Info.plist */,
				B075469B16E3B794004B2EE7 /* InfoPlist.strings */,
				B075469E16E3B794004B2EE7 /* main.m */,
				B07546A016E3B794004B2EE7 /* V'ger-Prefix.pch */,
				B07546A116E3B794004B2EE7 /* Credits.rtf */,
			);
			name = "Supporting Files";
			sourceTree = "<group>";
		};
/* End PBXGroup section */

/* Begin PBXNativeTarget section */
		B075468D16E3B794004B2EE7 /* V'ger */ = {
			isa = PBXNativeTarget;
			buildConfigurationList = B07546AC16E3B794004B2EE7 /* Build configuration list for PBXNativeTarget "V'ger" */;
			buildPhases = (
				B075468A16E3B794004B2EE7 /* Sources */,
				B075468B16E3B794004B2EE7 /* Frameworks */,
				B075468C16E3B794004B2EE7 /* Resources */,
			);
			buildRules = (
			);
			dependencies = (
			);
			name = "V'ger";
			productName = "V'ger";
			productReference = B075468E16E3B794004B2EE7 /* V'ger.app */;
			productType = "com.apple.product-type.application";
		};
/* End PBXNativeTarget section */

/* Begin PBXProject section */
		B075468516E3B794004B2EE7 /* Project object */ = {
			isa = PBXProject;
			attributes = {
				CLASSPREFIX = V;
				LastUpgradeCheck = 0450;
				ORGANIZATIONNAME = me;
			};
			buildConfigurationList = B075468816E3B794004B2EE7 /* Build configuration list for PBXProject "V'ger" */;
			compatibilityVersion = "Xcode 3.2";
			developmentRegion = English;
			hasScannedForEncodings = 0;
			knownRegions = (
				en,
			);
			mainGroup = B075468316E3B794004B2EE7;
			productRefGroup = B075468F16E3B794004B2EE7 /* Products */;
			projectDirPath = "";
			projectRoot = "";
			targets = (
				B075468D16E3B794004B2EE7 /* V'ger */,
			);
		};
/* End PBXProject section */

/* Begin PBXResourcesBuildPhase section */
		B075468C16E3B794004B2EE7 /* Resources */ = {
			isa = PBXResourcesBuildPhase;
			buildActionMask = 2147483647;
			files = (
				B075469D16E3B794004B2EE7 /* InfoPlist.strings in Resources */,
				B07546A316E3B794004B2EE7 /* Credits.rtf in Resources */,
				B07546A916E3B794004B2EE7 /* MainMenu.xib in Resources */,
			);
			runOnlyForDeploymentPostprocessing = 0;
		};
/* End PBXResourcesBuildPhase section */

/* Begin PBXSourcesBuildPhase section */
		B075468A16E3B794004B2EE7 /* Sources */ = {
			isa = PBXSourcesBuildPhase;
			buildActionMask = 2147483647;
			files = (
				B075469F16E3B794004B2EE7 /* main.m in Sources */,
				B07546A616E3B794004B2EE7 /* VAppDelegate.m in Sources */,
			);
			runOnlyForDeploymentPostprocessing = 0;
		};
/* End PBXSourcesBuildPhase section */

/* Begin PBXVariantGroup section */
		B075469B16E3B794004B2EE7 /* InfoPlist.strings */ = {
			isa = PBXVariantGroup;
			children = (
				B075469C16E3B794004B2EE7 /* en */,
			);
			name = InfoPlist.strings;
			sourceTree = "<group>";
		};
		B07546A116E3B794004B2EE7 /* Credits.rtf */ = {
			isa = PBXVariantGroup;
			children = (
				B07546A216E3B794004B2EE7 /* en */,
			);
			name = Credits.rtf;
			sourceTree = "<group>";
		};
		B07546A716E3B794004B2EE7 /* MainMenu.xib */ = {
			isa = PBXVariantGroup;
			children = (
				B07546A816E3B794004B2EE7 /* en */,
			);
			name = MainMenu.xib;
			sourceTree = "<group>";
		};
/* End PBXVariantGroup section */

/* Begin XCBuildConfiguration section */
		B07546AA16E3B794004B2EE7 /* Debug */ = {
			isa = XCBuildConfiguration;
			buildSettings = {
				ALWAYS_SEARCH_USER_PATHS = NO;
				ARCHS = "$(ARCHS_STANDARD_64_BIT)";
				CLANG_CXX_LANGUAGE_STANDARD = "gnu++0x";
				CLANG_CXX_LIBRARY = "libc++";
				CLANG_WARN_EMPTY_BODY = YES;
				CLANG_WARN__DUPLICATE_METHOD_MATCH = YES;
				COPY_PHASE_STRIP = NO;
				GCC_C_LANGUAGE_STANDARD = gnu99;
				GCC_DYNAMIC_NO_PIC = NO;
				GCC_ENABLE_OBJC_EXCEPTIONS = YES;
				GCC_OPTIMIZATION_LEVEL = 0;
				GCC_PREPROCESSOR_DEFINITIONS = (
					"DEBUG=1",
					"$(inherited)",
				);
				GCC_SYMBOLS_PRIVATE_EXTERN = NO;
				GCC_WARN_64_TO_32_BIT_CONVERSION = YES;
				GCC_WARN_ABOUT_RETURN_TYPE = YES;
				GCC_WARN_UNINITIALIZED_AUTOS = YES;
				GCC_WARN_UNUSED_VARIABLE = YES;
				MACOSX_DEPLOYMENT_TARGET = 10.8;
				ONLY_ACTIVE_ARCH = YES;
				SDKROOT = macosx;
			};
			name = Debug;
		};
		B07546AB16E3B794004B2EE7 /* Release */ = {
			isa = XCBuildConfiguration;
			buildSettings = {
				ALWAYS_SEARCH_USER_PATHS = NO;
				ARCHS = "$(ARCHS_STANDARD_64_BIT)";
				CLANG_CXX_LANGUAGE_STANDARD = "gnu++0x";
				CLANG_CXX_LIBRARY = "libc++";
				CLANG_WARN_EMPTY_BODY = YES;
				CLANG_WARN__DUPLICATE_METHOD_MATCH = YES;
				COPY_PHASE_STRIP = YES;
				DEBUG_INFORMATION_FORMAT = "dwarf-with-dsym";
				GCC_C_LANGUAGE_STANDARD = gnu99;
				GCC_ENABLE_OBJC_EXCEPTIONS = YES;
				GCC_WARN_64_TO_32_BIT_CONVERSION = YES;
				GCC_WARN_ABOUT_RETURN_TYPE = YES;
				GCC_WARN_UNINITIALIZED_AUTOS = YES;
				GCC_WARN_UNUSED_VARIABLE = YES;
				MACOSX_DEPLOYMENT_TARGET = 10.8;
				SDKROOT = macosx;
			};
			name = Release;
		};
		B07546AD16E3B794004B2EE7 /* Debug */ = {
			isa = XCBuildConfiguration;
			buildSettings = {
				COMBINE_HIDPI_IMAGES = YES;
				GCC_PRECOMPILE_PREFIX_HEADER = YES;
				GCC_PREFIX_HEADER = "V'ger/V'ger-Prefix.pch";
				INFOPLIST_FILE = "V'ger/V'ger-Info.plist";
				PRODUCT_NAME = "$(TARGET_NAME)";
				WRAPPER_EXTENSION = app;
			};
			name = Debug;
		};
		B07546AE16E3B794004B2EE7 /* Release */ = {
			isa = XCBuildConfiguration;
			buildSettings = {
				COMBINE_HIDPI_IMAGES = YES;
				GCC_PRECOMPILE_PREFIX_HEADER = YES;
				GCC_PREFIX_HEADER = "V'ger/V'ger-Prefix.pch";
				INFOPLIST_FILE = "V'ger/V'ger-Info.plist";
				PRODUCT_NAME = "$(TARGET_NAME)";
				WRAPPER_EXTENSION = app;
			};
			name = Release;
		};
/* End XCBuildConfiguration section */

/* Begin XCConfigurationList section */
		B075468816E3B794004B2EE7 /* Build configuration list for PBXProject "V'ger" */ = {
			isa = XCConfigurationList;
			buildConfigurations = (
				B07546AA16E3B794004B2EE7 /* Debug */,
				B07546AB16E3B794004B2EE7 /* Release */,
			);
			defaultConfigurationIsVisible = 0;
			defaultConfigurationName = Release;
		};
		B07546AC16E3B794004B2EE7 /* Build configuration list for PBXNativeTarget "V'ger" */ = {
			isa = XCConfigurationList;
			buildConfigurations = (
				B07546AD16E3B794004B2EE7 /* Debug */,
				B07546AE16E3B794004B2EE7 /* Release */,
			);
			defaultConfigurationIsVisible = 0;
		};
/* End XCConfigurationList section */
	};
	rootObject = B075468516E3B794004B2EE7 /* Project object */;
}
